<?xml version="1.0" encoding="utf-8"?>
<Project ToolsVersion="4.0" xmlns="http://schemas.microsoft.com/developer/msbuild/2003">
  <ItemGroup>
    <Filter Include="源文件">
      <UniqueIdentifier>{4FC737F1-C7A5-4376-A066-2A32D752A2FF}</UniqueIdentifier>
      <Extensions>cpp;c;cc;cxx;def;odl;idl;hpj;bat;asm;asmx</Extensions>
    </Filter>
    <Filter Include="头文件">
      <UniqueIdentifier>{93995380-89BD-4b04-88EB-625FBE52EBFB}</UniqueIdentifier>
      <Extensions>h;hpp;hxx;hm;inl;inc;xsd</Extensions>
    </Filter>
    <Filter Include="资源文件">
      <UniqueIdentifier>{67DA6AB6-F800-4c08-8B7A-83BB121AAD01}</UniqueIdentifier>
      <Extensions>rc;ico;cur;bmp;dlg;rc2;rct;bin;rgs;gif;jpg;jpeg;jpe;resx;tiff;tif;png;wav;mfcribbon-ms</Extensions>
    </Filter>
    <Filter Include="源文件\BSP">
      <UniqueIdentifier>{dc52fbcd-8dc5-4357-a23e-051d031ebf81}</UniqueIdentifier>
    </Filter>
    <Filter Include="源文件\USER">
      <UniqueIdentifier>{7d85b72a-59cf-46ab-b7fe-db20362382f5}</UniqueIdentifier>
    </Filter>
  </ItemGroup>
  <ItemGroup>
    <ClCompile Include="src\BSP\stm32_ub_adc.c">
      <Filter>源文件\BSP</Filter>
    </ClCompile>
    <ClCompile Include="src\USER\StateType.c">
      <Filter>源文件\USER</Filter>
    </ClCompile>
    <ClCompile Include="src\USER\ErrType.c">
      <Filter>源文件\USER</Filter>
    </ClCompile>
    <ClCompile Include="src\USER\input_process.c">
      <Filter>源文件\USER</Filter>
    </ClCompile>
    <ClCompile Include="src\USER\adc_filter.c">
      <Filter>源文件\USER</Filter>
    </ClCompile>
    <ClCompile Include="src\BSP\stm32_ub_cd4051.c">
      <Filter>源文件\BSP</Filter>
    </ClCompile>
    <ClCompile Include="src\USER\IoDetectErr.c">
      <Filter>源文件\USER</Filter>
    </ClCompile>
    <ClCompile Include="src\USER\queue_process.c">
      <Filter>源文件\USER</Filter>
    </ClCompile>
    <ClCompile Include="src\BSP\stm32_ub_relay.c">
      <Filter>源文件\BSP</Filter>
    </ClCompile>
    <ClCompile Include="src\BSP\stm32_ub_dma_usart1.c">
      <Filter>源文件\BSP</Filter>
    </ClCompile>
    <ClCompile Include="src\USER\RTdataStruct.c">
      <Filter>源文件\USER</Filter>
    </ClCompile>
    <ClCompile Include="src\USER\valve_calc.c">
      <Filter>源文件\USER</Filter>
    </ClCompile>
    <ClCompile Include="src\BSP\stm32_ub_led.c">
      <Filter>源文件\BSP</Filter>
    </ClCompile>
    <ClCompile Include="src\BSP\stm32_dma_uart2.c">
      <Filter>源文件\BSP</Filter>
    </ClCompile>
  </ItemGroup>
  <ItemGroup>
    <ClInclude Include="inc\ErrType.h">
      <Filter>头文件</Filter>
    </ClInclude>
    <ClInclude Include="inc\IoDetectErr.h">
      <Filter>头文件</Filter>
    </ClInclude>
    <ClInclude Include="inc\RTdataStruct.h">
      <Filter>头文件</Filter>
    </ClInclude>
    <ClInclude Include="inc\stm32_dma_uart2.h">
      <Filter>头文件</Filter>
    </ClInclude>
  </ItemGroup>
</Project>